<?xml version="1.0" encoding="utf-8"?>
<Project ToolsVersion="4.0" xmlns="http://schemas.microsoft.com/developer/msbuild/2003">
  <ItemGroup>
    <Filter Include="parserlib">
      <UniqueIdentifier>{bbe49051-c951-4eaa-9a39-185e3c91532d}</UniqueIdentifier>
    </Filter>
  </ItemGroup>
  <ItemGroup>
    <ClCompile Include="..\..\..\source\ast.cpp">
      <Filter>parserlib</Filter>
    </ClCompile>
    <ClCompile Include="..\..\..\source\parser.cpp">
      <Filter>parserlib</Filter>
    </ClCompile>
    <ClCompile Include="..\calculator.cpp" />
  </ItemGroup>
  <ItemGroup>
    <ClInclude Include="..\..\..\source\ast.hpp">
      <Filter>parserlib</Filter>
    </ClInclude>
    <ClInclude Include="..\..\..\source\parser.hpp">
      <Filter>parserlib</Filter>
    </ClInclude>
    <ClInclude Include="..\..\..\source\parserlib.hpp">
      <Filter>parserlib</Filter>
    </ClInclude>
  </ItemGroup>
</Project>