<?xml version="1.0" encoding="UTF-8" standalone="yes" ?>
<CodeBlocks_project_file>
	<FileVersion major="1" minor="6" />
	<Project>
		<Option title="pl" />
		<Option pch_mode="2" />
		<Option compiler="gcc" />
		<Build>
			<Target title="Debug">
				<Option output="bin\Debug\pl" prefix_auto="1" extension_auto="1" />
				<Option working_dir="..\..\pl" />
				<Option object_output="obj\Debug\" />
				<Option type="1" />
				<Option compiler="gcc" />
				<Option parameters="program.txt" />
				<Compiler>
					<Add option="-g" />
					<Add directory="..\..\..\source" />
				</Compiler>
			</Target>
			<Target title="Release">
				<Option output="bin\Release\pl" prefix_auto="1" extension_auto="1" />
				<Option working_dir="..\..\pl" />
				<Option object_output="obj\Release\" />
				<Option type="1" />
				<Option compiler="gcc" />
				<Option parameters="program.txt" />
				<Compiler>
					<Add option="-O2" />
					<Add directory="..\..\..\source" />
				</Compiler>
				<Linker>
					<Add option="-s" />
				</Linker>
			</Target>
		</Build>
		<Compiler>
			<Add option="-Wall" />
			<Add option="-fexceptions" />
		</Compiler>
		<Unit filename="..\pl.cpp" />
		<Unit filename="..\pl_ast.cpp" />
		<Unit filename="..\pl_ast.hpp" />
		<Unit filename="..\pl_grammar.cpp" />
		<Unit filename="..\pl_grammar.hpp" />
		<Unit filename="..\pl_grammar_ast.cpp" />
		<Unit filename="..\..\..\source\ast.cpp" />
		<Unit filename="..\..\..\source\ast.hpp" />
		<Unit filename="..\..\..\source\parser.cpp" />
		<Unit filename="..\..\..\source\parser.hpp" />
		<Unit filename="..\..\..\source\parserlib.hpp" />
		<Extensions>
			<code_completion />
			<envvars />
			<debugger />
			<lib_finder disable_auto="1" />
		</Extensions>
	</Project>
</CodeBlocks_project_file>
