<?xml version="1.0" encoding="utf-8"?>
<Project ToolsVersion="4.0" xmlns="http://schemas.microsoft.com/developer/msbuild/2003">
  <ItemGroup>
    <Filter Include="parserlib">
      <UniqueIdentifier>{1a565908-41bd-4068-af95-e2dd54a10fcc}</UniqueIdentifier>
    </Filter>
  </ItemGroup>
  <ItemGroup>
    <ClInclude Include="..\..\include\parserlib.hpp" />
    <ClInclude Include="..\..\include\parserlib\choice.hpp">
      <Filter>parserlib</Filter>
    </ClInclude>
    <ClInclude Include="..\..\include\parserlib\expression.hpp">
      <Filter>parserlib</Filter>
    </ClInclude>
    <ClInclude Include="..\..\include\parserlib\expression_type.hpp">
      <Filter>parserlib</Filter>
    </ClInclude>
    <ClInclude Include="..\..\include\parserlib\parse_context.hpp">
      <Filter>parserlib</Filter>
    </ClInclude>
    <ClInclude Include="..\..\include\parserlib\parse_result.hpp">
      <Filter>parserlib</Filter>
    </ClInclude>
    <ClInclude Include="..\..\include\parserlib\sequence.hpp">
      <Filter>parserlib</Filter>
    </ClInclude>
    <ClInclude Include="..\..\include\parserlib\expression_interface.hpp">
      <Filter>parserlib</Filter>
    </ClInclude>
    <ClInclude Include="..\..\include\parserlib\expression_wrapper.hpp">
      <Filter>parserlib</Filter>
    </ClInclude>
    <ClInclude Include="..\..\include\parserlib\rule_reference.hpp">
      <Filter>parserlib</Filter>
    </ClInclude>
    <ClInclude Include="..\..\include\parserlib\rule.hpp">
      <Filter>parserlib</Filter>
    </ClInclude>
    <ClInclude Include="..\..\include\parserlib\terminal.hpp">
      <Filter>parserlib</Filter>
    </ClInclude>
    <ClInclude Include="..\..\include\parserlib\traits.hpp">
      <Filter>parserlib</Filter>
    </ClInclude>
    <ClInclude Include="..\..\include\parserlib\optional.hpp">
      <Filter>parserlib</Filter>
    </ClInclude>
    <ClInclude Include="..\..\include\parserlib\loop.hpp">
      <Filter>parserlib</Filter>
    </ClInclude>
    <ClInclude Include="..\..\include\parserlib\logical_and.hpp">
      <Filter>parserlib</Filter>
    </ClInclude>
    <ClInclude Include="..\..\include\parserlib\logical_not.hpp">
      <Filter>parserlib</Filter>
    </ClInclude>
    <ClInclude Include="..\..\include\parserlib\match.hpp">
      <Filter>parserlib</Filter>
    </ClInclude>
    <ClInclude Include="..\..\include\parserlib\ast.hpp">
      <Filter>parserlib</Filter>
    </ClInclude>
    <ClInclude Include="..\..\examples\calculator\calculator_ast.hpp" />
    <ClInclude Include="..\..\examples\calculator\calculator_grammar.hpp" />
    <ClInclude Include="..\..\include\parserlib\event.hpp">
      <Filter>parserlib</Filter>
    </ClInclude>
  </ItemGroup>
  <ItemGroup>
    <ClCompile Include="main.cpp" />
    <ClCompile Include="..\..\examples\calculator\calculator_grammar.cpp" />
    <ClCompile Include="..\..\examples\calculator\calculator_ast.cpp" />
  </ItemGroup>
</Project>